// !$*UTF8*$!
{
	archiveVersion = 1;
	classes = {
	};
	objectVersion = 46;
	objects = {

/* Begin PBXBuildFile section */
		3A096C2D1D2C03F2005B8F3C /* BaseViewController.swift in Sources */ = {isa = PBXBuildFile; fileRef = 3A096C2C1D2C03F2005B8F3C /* BaseViewController.swift */; };
		3A096C2F1D2C04C2005B8F3C /* PlayerControllerViewController.swift in Sources */ = {isa = PBXBuildFile; fileRef = 3A096C2E1D2C04C2005B8F3C /* PlayerControllerViewController.swift */; };
		3A096C331D2C119C005B8F3C /* WebSocketHelper.swift in Sources */ = {isa = PBXBuildFile; fileRef = 3A096C321D2C119C005B8F3C /* WebSocketHelper.swift */; };
		3A096C361D2C122C005B8F3C /* Requestable.swift in Sources */ = {isa = PBXBuildFile; fileRef = 3A096C351D2C122C005B8F3C /* Requestable.swift */; };
		3A2620AB1D2C4B2800019208 /* ApiAction.swift in Sources */ = {isa = PBXBuildFile; fileRef = 3A2620AA1D2C4B2800019208 /* ApiAction.swift */; };
		3A2620B01D2C4D8D00019208 /* JsonHelper.swift in Sources */ = {isa = PBXBuildFile; fileRef = 3A2620AF1D2C4D8D00019208 /* JsonHelper.swift */; };
		3A2620B21D2C518700019208 /* RequestFacade.swift in Sources */ = {isa = PBXBuildFile; fileRef = 3A2620B11D2C518700019208 /* RequestFacade.swift */; };
		3A2620B51D2C5F9700019208 /* PlayInfoViewController.swift in Sources */ = {isa = PBXBuildFile; fileRef = 3A2620B41D2C5F9700019208 /* PlayInfoViewController.swift */; };
		3A3A4E3C1D2A6FD500E968AB /* SwiftyJSON.framework in Frameworks */ = {isa = PBXBuildFile; fileRef = 3A3A4E3B1D2A6FD500E968AB /* SwiftyJSON.framework */; };
		3A59A7921D343E6A005C4280 /* UrlUtil.swift in Sources */ = {isa = PBXBuildFile; fileRef = 3A59A7911D343E6A005C4280 /* UrlUtil.swift */; };
		3A8289A01D2ACC9B00C2C0B6 /* ObjectMapper.framework in Frameworks */ = {isa = PBXBuildFile; fileRef = 3A82899F1D2ACC9B00C2C0B6 /* ObjectMapper.framework */; };
		3A82EB751D378D4F00B8CF40 /* Launch Screen.storyboard in Resources */ = {isa = PBXBuildFile; fileRef = 3A82EB741D378D4F00B8CF40 /* Launch Screen.storyboard */; };
		3A8378CB1D3110950077B7DA /* TvShowEpisodeViewController.swift in Sources */ = {isa = PBXBuildFile; fileRef = 3A8378CA1D3110950077B7DA /* TvShowEpisodeViewController.swift */; };
		3A9BF1ED1D29B623009A8EDF /* Starscream.framework in Frameworks */ = {isa = PBXBuildFile; fileRef = 3A9BF1EC1D29B623009A8EDF /* Starscream.framework */; };
		3AA48C121D3E9BB4005DE36A /* AudioStream.swift in Sources */ = {isa = PBXBuildFile; fileRef = 3AA48C111D3E9BB4005DE36A /* AudioStream.swift */; };
		3AA48C151D3EA01F005DE36A /* MoviesViewController.swift in Sources */ = {isa = PBXBuildFile; fileRef = 3AA48C141D3EA01F005DE36A /* MoviesViewController.swift */; };
		3AA48C181D3EA294005DE36A /* Movie.swift in Sources */ = {isa = PBXBuildFile; fileRef = 3AA48C171D3EA294005DE36A /* Movie.swift */; };
		3AA48C1A1D3EA35D005DE36A /* BaseWatchable.swift in Sources */ = {isa = PBXBuildFile; fileRef = 3AA48C191D3EA35D005DE36A /* BaseWatchable.swift */; };
		3AA48C1D1D3EA5DE005DE36A /* MovieTableCell.swift in Sources */ = {isa = PBXBuildFile; fileRef = 3AA48C1C1D3EA5DE005DE36A /* MovieTableCell.swift */; };
		3AACFAC31D3D56FD009949C3 /* Subtitles.swift in Sources */ = {isa = PBXBuildFile; fileRef = 3AACFAC21D3D56FD009949C3 /* Subtitles.swift */; };
		3AB79BA11D311F6E006527BD /* TvShowEpisodeInfo.swift in Sources */ = {isa = PBXBuildFile; fileRef = 3AB79BA01D311F6E006527BD /* TvShowEpisodeInfo.swift */; };
		3AB79BA41D316285006527BD /* PlayListener.swift in Sources */ = {isa = PBXBuildFile; fileRef = 3AB79BA31D316285006527BD /* PlayListener.swift */; };
		3AB79BA61D3165F7006527BD /* PlayingDetails.swift in Sources */ = {isa = PBXBuildFile; fileRef = 3AB79BA51D3165F7006527BD /* PlayingDetails.swift */; };
		3AB79BA91D325489006527BD /* UIAppColor.swift in Sources */ = {isa = PBXBuildFile; fileRef = 3AB79BA81D325489006527BD /* UIAppColor.swift */; };
		3AB79BAB1D325887006527BD /* BaseTableViewController.swift in Sources */ = {isa = PBXBuildFile; fileRef = 3AB79BAA1D325887006527BD /* BaseTableViewController.swift */; };
		3AB79BAF1D32BA7D006527BD /* UIButton.swift in Sources */ = {isa = PBXBuildFile; fileRef = 3AB79BAE1D32BA7D006527BD /* UIButton.swift */; };
		3AB79BB21D33F2AD006527BD /* Alamofire.framework in Frameworks */ = {isa = PBXBuildFile; fileRef = 3AB79BB01D33F2AD006527BD /* Alamofire.framework */; };
		3AB79BB31D33F2AD006527BD /* AlamofireImage.framework in Frameworks */ = {isa = PBXBuildFile; fileRef = 3AB79BB11D33F2AD006527BD /* AlamofireImage.framework */; };
		3AC4E04E1D304BB80099A369 /* TvShowSeasonsViewController.swift in Sources */ = {isa = PBXBuildFile; fileRef = 3AC4E04D1D304BB80099A369 /* TvShowSeasonsViewController.swift */; };
		3AC4E0511D30EC3F0099A369 /* TvShowSeason.swift in Sources */ = {isa = PBXBuildFile; fileRef = 3AC4E0501D30EC3F0099A369 /* TvShowSeason.swift */; };
		3AC4E0541D30ECD60099A369 /* BaseTvShowEpisode.swift in Sources */ = {isa = PBXBuildFile; fileRef = 3AC4E0531D30ECD60099A369 /* BaseTvShowEpisode.swift */; };
		3AC4E0571D30EF5D0099A369 /* TvShowEpisodeTableCell.swift in Sources */ = {isa = PBXBuildFile; fileRef = 3AC4E0561D30EF5D0099A369 /* TvShowEpisodeTableCell.swift */; };
		3AE581C51D2D923900ACE467 /* PlayerProperties.swift in Sources */ = {isa = PBXBuildFile; fileRef = 3AE581C41D2D923900ACE467 /* PlayerProperties.swift */; };
		3AE581C71D2DA2D600ACE467 /* BaseModel.swift in Sources */ = {isa = PBXBuildFile; fileRef = 3AE581C61D2DA2D600ACE467 /* BaseModel.swift */; };
		3AE581CA1D2E699600ACE467 /* TimeUtil.swift in Sources */ = {isa = PBXBuildFile; fileRef = 3AE581C91D2E699600ACE467 /* TimeUtil.swift */; };
		3AE581CE1D2E9B8300ACE467 /* TvShowViewController.swift in Sources */ = {isa = PBXBuildFile; fileRef = 3AE581CD1D2E9B8300ACE467 /* TvShowViewController.swift */; };
		3AE581D11D2E9C5600ACE467 /* TvShowTableCell.swift in Sources */ = {isa = PBXBuildFile; fileRef = 3AE581D01D2E9C5600ACE467 /* TvShowTableCell.swift */; };
		3AE581D41D2EB37200ACE467 /* ApplicationProperties.swift in Sources */ = {isa = PBXBuildFile; fileRef = 3AE581D31D2EB37200ACE467 /* ApplicationProperties.swift */; };
		3AE581D81D2FE20300ACE467 /* VolumeChangedListener.swift in Sources */ = {isa = PBXBuildFile; fileRef = 3AE581D71D2FE20300ACE467 /* VolumeChangedListener.swift */; };
		3AE581DA1D2FE49000ACE467 /* JsonParseHelper.swift in Sources */ = {isa = PBXBuildFile; fileRef = 3AE581D91D2FE49000ACE467 /* JsonParseHelper.swift */; };
		3AE581DC1D2FEA9B00ACE467 /* BaseVolumeViewController.swift in Sources */ = {isa = PBXBuildFile; fileRef = 3AE581DB1D2FEA9B00ACE467 /* BaseVolumeViewController.swift */; };
		3AE581E01D2FEDC700ACE467 /* VolumeChangeNotification.swift in Sources */ = {isa = PBXBuildFile; fileRef = 3AE581DF1D2FEDC700ACE467 /* VolumeChangeNotification.swift */; };
		3AE581E21D2FF1D800ACE467 /* WebSocketListener.swift in Sources */ = {isa = PBXBuildFile; fileRef = 3AE581E11D2FF1D800ACE467 /* WebSocketListener.swift */; };
		3AF0ED231D37F5C1000BAD7C /* Theme.swift in Sources */ = {isa = PBXBuildFile; fileRef = 3AF0ED221D37F5C1000BAD7C /* Theme.swift */; };
		3AF0ED251D37F606000BAD7C /* ThemeManager.swift in Sources */ = {isa = PBXBuildFile; fileRef = 3AF0ED241D37F606000BAD7C /* ThemeManager.swift */; };
		3AF4D44F1D2D519700F24D08 /* BaseTvShow.swift in Sources */ = {isa = PBXBuildFile; fileRef = 3AF4D44E1D2D519700F24D08 /* BaseTvShow.swift */; };
		AB3CA06385C48190D513F007 /* Main.storyboard in Resources */ = {isa = PBXBuildFile; fileRef = AB3CA0937689B8B0ADF667D5 /* Main.storyboard */; };
		AB3CA19978DBE361746C75CB /* enkodiTests.swift in Sources */ = {isa = PBXBuildFile; fileRef = AB3CAC5C9505FC30DFA436BF /* enkodiTests.swift */; };
		AB3CA2479292F2E3CFEB7E3C /* enkodi.xcdatamodeld in Sources */ = {isa = PBXBuildFile; fileRef = AB3CA3565EE81D4C3E0B4F42 /* enkodi.xcdatamodeld */; };
		AB3CA2A9343F6CCBE51E3BDC /* ViewController.swift in Sources */ = {isa = PBXBuildFile; fileRef = AB3CAD40FD80EFE7ECC13ECD /* ViewController.swift */; };
		AB3CA37366A0CC7BDD1C8761 /* Assets.xcassets in Resources */ = {isa = PBXBuildFile; fileRef = AB3CA33B13D85F0092EF45C0 /* Assets.xcassets */; };
		AB3CA9CBB6B1E4BB712D66A5 /* LaunchScreen.storyboard.bad in Resources */ = {isa = PBXBuildFile; fileRef = AB3CAF070AFE710154EE25C2 /* LaunchScreen.storyboard.bad */; };
		AB3CAB00EA6DAEA2E7B80FF6 /* enkodiUITests.swift in Sources */ = {isa = PBXBuildFile; fileRef = AB3CA9AAB3AFF5F4BF90C0F9 /* enkodiUITests.swift */; };
		AB3CAE3CB4100ACDA6CAD1DA /* AppDelegate.swift in Sources */ = {isa = PBXBuildFile; fileRef = AB3CA64D28497D151FAE4DC6 /* AppDelegate.swift */; };
/* End PBXBuildFile section */

/* Begin PBXContainerItemProxy section */
		AB3CA031334B34EC0186E37E /* PBXContainerItemProxy */ = {
			isa = PBXContainerItemProxy;
			containerPortal = AB3CAD0839846DF380B48C1B /* Project object */;
			proxyType = 1;
			remoteGlobalIDString = AB3CA88AE2278FDEB560FA42;
			remoteInfo = enkodi;
		};
		AB3CA5762F49EC183967501B /* PBXContainerItemProxy */ = {
			isa = PBXContainerItemProxy;
			containerPortal = AB3CAD0839846DF380B48C1B /* Project object */;
			proxyType = 1;
			remoteGlobalIDString = AB3CA88AE2278FDEB560FA42;
			remoteInfo = enkodi;
		};
/* End PBXContainerItemProxy section */

/* Begin PBXFileReference section */
		3A096C2C1D2C03F2005B8F3C /* BaseViewController.swift */ = {isa = PBXFileReference; fileEncoding = 4; lastKnownFileType = sourcecode.swift; path = BaseViewController.swift; sourceTree = "<group>"; };
		3A096C2E1D2C04C2005B8F3C /* PlayerControllerViewController.swift */ = {isa = PBXFileReference; fileEncoding = 4; lastKnownFileType = sourcecode.swift; path = PlayerControllerViewController.swift; sourceTree = "<group>"; };
		3A096C321D2C119C005B8F3C /* WebSocketHelper.swift */ = {isa = PBXFileReference; fileEncoding = 4; lastKnownFileType = sourcecode.swift; path = WebSocketHelper.swift; sourceTree = "<group>"; };
		3A096C351D2C122C005B8F3C /* Requestable.swift */ = {isa = PBXFileReference; fileEncoding = 4; lastKnownFileType = sourcecode.swift; path = Requestable.swift; sourceTree = "<group>"; };
		3A2620AA1D2C4B2800019208 /* ApiAction.swift */ = {isa = PBXFileReference; fileEncoding = 4; lastKnownFileType = sourcecode.swift; path = ApiAction.swift; sourceTree = "<group>"; };
		3A2620AF1D2C4D8D00019208 /* JsonHelper.swift */ = {isa = PBXFileReference; fileEncoding = 4; lastKnownFileType = sourcecode.swift; path = JsonHelper.swift; sourceTree = "<group>"; };
		3A2620B11D2C518700019208 /* RequestFacade.swift */ = {isa = PBXFileReference; fileEncoding = 4; lastKnownFileType = sourcecode.swift; path = RequestFacade.swift; sourceTree = "<group>"; };
		3A2620B41D2C5F9700019208 /* PlayInfoViewController.swift */ = {isa = PBXFileReference; fileEncoding = 4; lastKnownFileType = sourcecode.swift; path = PlayInfoViewController.swift; sourceTree = "<group>"; };
		3A3A4E3B1D2A6FD500E968AB /* SwiftyJSON.framework */ = {isa = PBXFileReference; lastKnownFileType = wrapper.framework; name = SwiftyJSON.framework; path = Carthage/Build/iOS/SwiftyJSON.framework; sourceTree = "<group>"; };
		3A59A7911D343E6A005C4280 /* UrlUtil.swift */ = {isa = PBXFileReference; fileEncoding = 4; lastKnownFileType = sourcecode.swift; path = UrlUtil.swift; sourceTree = "<group>"; };
		3A82899F1D2ACC9B00C2C0B6 /* ObjectMapper.framework */ = {isa = PBXFileReference; lastKnownFileType = wrapper.framework; name = ObjectMapper.framework; path = Carthage/Build/iOS/ObjectMapper.framework; sourceTree = "<group>"; };
		3A82EB741D378D4F00B8CF40 /* Launch Screen.storyboard */ = {isa = PBXFileReference; fileEncoding = 4; lastKnownFileType = file.storyboard; path = "Launch Screen.storyboard"; sourceTree = "<group>"; };
		3A8378CA1D3110950077B7DA /* TvShowEpisodeViewController.swift */ = {isa = PBXFileReference; fileEncoding = 4; lastKnownFileType = sourcecode.swift; path = TvShowEpisodeViewController.swift; sourceTree = "<group>"; };
		3A9BF1EC1D29B623009A8EDF /* Starscream.framework */ = {isa = PBXFileReference; lastKnownFileType = wrapper.framework; name = Starscream.framework; path = Carthage/Build/iOS/Starscream.framework; sourceTree = "<group>"; };
		3AA48C111D3E9BB4005DE36A /* AudioStream.swift */ = {isa = PBXFileReference; fileEncoding = 4; lastKnownFileType = sourcecode.swift; path = AudioStream.swift; sourceTree = "<group>"; };
		3AA48C141D3EA01F005DE36A /* MoviesViewController.swift */ = {isa = PBXFileReference; fileEncoding = 4; lastKnownFileType = sourcecode.swift; path = MoviesViewController.swift; sourceTree = "<group>"; };
		3AA48C171D3EA294005DE36A /* Movie.swift */ = {isa = PBXFileReference; fileEncoding = 4; lastKnownFileType = sourcecode.swift; path = Movie.swift; sourceTree = "<group>"; };
		3AA48C191D3EA35D005DE36A /* BaseWatchable.swift */ = {isa = PBXFileReference; fileEncoding = 4; lastKnownFileType = sourcecode.swift; path = BaseWatchable.swift; sourceTree = "<group>"; };
		3AA48C1C1D3EA5DE005DE36A /* MovieTableCell.swift */ = {isa = PBXFileReference; fileEncoding = 4; lastKnownFileType = sourcecode.swift; path = MovieTableCell.swift; sourceTree = "<group>"; };
		3AACFAC21D3D56FD009949C3 /* Subtitles.swift */ = {isa = PBXFileReference; fileEncoding = 4; lastKnownFileType = sourcecode.swift; path = Subtitles.swift; sourceTree = "<group>"; };
		3AB79BA01D311F6E006527BD /* TvShowEpisodeInfo.swift */ = {isa = PBXFileReference; fileEncoding = 4; lastKnownFileType = sourcecode.swift; path = TvShowEpisodeInfo.swift; sourceTree = "<group>"; };
		3AB79BA31D316285006527BD /* PlayListener.swift */ = {isa = PBXFileReference; fileEncoding = 4; lastKnownFileType = sourcecode.swift; path = PlayListener.swift; sourceTree = "<group>"; };
		3AB79BA51D3165F7006527BD /* PlayingDetails.swift */ = {isa = PBXFileReference; fileEncoding = 4; lastKnownFileType = sourcecode.swift; path = PlayingDetails.swift; sourceTree = "<group>"; };
		3AB79BA81D325489006527BD /* UIAppColor.swift */ = {isa = PBXFileReference; fileEncoding = 4; lastKnownFileType = sourcecode.swift; path = UIAppColor.swift; sourceTree = "<group>"; };
		3AB79BAA1D325887006527BD /* BaseTableViewController.swift */ = {isa = PBXFileReference; fileEncoding = 4; lastKnownFileType = sourcecode.swift; path = BaseTableViewController.swift; sourceTree = "<group>"; };
		3AB79BAE1D32BA7D006527BD /* UIButton.swift */ = {isa = PBXFileReference; fileEncoding = 4; lastKnownFileType = sourcecode.swift; path = UIButton.swift; sourceTree = "<group>"; };
		3AB79BB01D33F2AD006527BD /* Alamofire.framework */ = {isa = PBXFileReference; lastKnownFileType = wrapper.framework; name = Alamofire.framework; path = Carthage/Build/iOS/Alamofire.framework; sourceTree = "<group>"; };
		3AB79BB11D33F2AD006527BD /* AlamofireImage.framework */ = {isa = PBXFileReference; lastKnownFileType = wrapper.framework; name = AlamofireImage.framework; path = Carthage/Build/iOS/AlamofireImage.framework; sourceTree = "<group>"; };
		3AC4E04D1D304BB80099A369 /* TvShowSeasonsViewController.swift */ = {isa = PBXFileReference; fileEncoding = 4; lastKnownFileType = sourcecode.swift; path = TvShowSeasonsViewController.swift; sourceTree = "<group>"; };
		3AC4E0501D30EC3F0099A369 /* TvShowSeason.swift */ = {isa = PBXFileReference; fileEncoding = 4; lastKnownFileType = sourcecode.swift; path = TvShowSeason.swift; sourceTree = "<group>"; };
		3AC4E0531D30ECD60099A369 /* BaseTvShowEpisode.swift */ = {isa = PBXFileReference; fileEncoding = 4; lastKnownFileType = sourcecode.swift; path = BaseTvShowEpisode.swift; sourceTree = "<group>"; };
		3AC4E0561D30EF5D0099A369 /* TvShowEpisodeTableCell.swift */ = {isa = PBXFileReference; fileEncoding = 4; lastKnownFileType = sourcecode.swift; path = TvShowEpisodeTableCell.swift; sourceTree = "<group>"; };
		3AE581C41D2D923900ACE467 /* PlayerProperties.swift */ = {isa = PBXFileReference; fileEncoding = 4; lastKnownFileType = sourcecode.swift; path = PlayerProperties.swift; sourceTree = "<group>"; };
		3AE581C61D2DA2D600ACE467 /* BaseModel.swift */ = {isa = PBXFileReference; fileEncoding = 4; lastKnownFileType = sourcecode.swift; path = BaseModel.swift; sourceTree = "<group>"; };
		3AE581C91D2E699600ACE467 /* TimeUtil.swift */ = {isa = PBXFileReference; fileEncoding = 4; lastKnownFileType = sourcecode.swift; path = TimeUtil.swift; sourceTree = "<group>"; };
		3AE581CD1D2E9B8300ACE467 /* TvShowViewController.swift */ = {isa = PBXFileReference; fileEncoding = 4; lastKnownFileType = sourcecode.swift; path = TvShowViewController.swift; sourceTree = "<group>"; };
		3AE581D01D2E9C5600ACE467 /* TvShowTableCell.swift */ = {isa = PBXFileReference; fileEncoding = 4; lastKnownFileType = sourcecode.swift; path = TvShowTableCell.swift; sourceTree = "<group>"; };
		3AE581D31D2EB37200ACE467 /* ApplicationProperties.swift */ = {isa = PBXFileReference; fileEncoding = 4; lastKnownFileType = sourcecode.swift; path = ApplicationProperties.swift; sourceTree = "<group>"; };
		3AE581D71D2FE20300ACE467 /* VolumeChangedListener.swift */ = {isa = PBXFileReference; fileEncoding = 4; lastKnownFileType = sourcecode.swift; path = VolumeChangedListener.swift; sourceTree = "<group>"; };
		3AE581D91D2FE49000ACE467 /* JsonParseHelper.swift */ = {isa = PBXFileReference; fileEncoding = 4; lastKnownFileType = sourcecode.swift; path = JsonParseHelper.swift; sourceTree = "<group>"; };
		3AE581DB1D2FEA9B00ACE467 /* BaseVolumeViewController.swift */ = {isa = PBXFileReference; fileEncoding = 4; lastKnownFileType = sourcecode.swift; path = BaseVolumeViewController.swift; sourceTree = "<group>"; };
		3AE581DF1D2FEDC700ACE467 /* VolumeChangeNotification.swift */ = {isa = PBXFileReference; fileEncoding = 4; lastKnownFileType = sourcecode.swift; path = VolumeChangeNotification.swift; sourceTree = "<group>"; };
		3AE581E11D2FF1D800ACE467 /* WebSocketListener.swift */ = {isa = PBXFileReference; fileEncoding = 4; lastKnownFileType = sourcecode.swift; name = WebSocketListener.swift; path = ../WebSocketListener.swift; sourceTree = "<group>"; };
		3AF0ED221D37F5C1000BAD7C /* Theme.swift */ = {isa = PBXFileReference; fileEncoding = 4; lastKnownFileType = sourcecode.swift; path = Theme.swift; sourceTree = "<group>"; };
		3AF0ED241D37F606000BAD7C /* ThemeManager.swift */ = {isa = PBXFileReference; fileEncoding = 4; lastKnownFileType = sourcecode.swift; path = ThemeManager.swift; sourceTree = "<group>"; };
		3AF4D44E1D2D519700F24D08 /* BaseTvShow.swift */ = {isa = PBXFileReference; fileEncoding = 4; lastKnownFileType = sourcecode.swift; path = BaseTvShow.swift; sourceTree = "<group>"; };
		AB3CA10B7934364F59A21751 /* Base */ = {isa = PBXFileReference; lastKnownFileType = text.xml; name = Base; path = Base.lproj/LaunchScreen.storyboard.bad; sourceTree = "<group>"; };
		AB3CA2C89CEA2F71BB79393E /* Info.plist */ = {isa = PBXFileReference; lastKnownFileType = text.plist.info; path = Info.plist; sourceTree = "<group>"; };
		AB3CA33B13D85F0092EF45C0 /* Assets.xcassets */ = {isa = PBXFileReference; lastKnownFileType = folder.assetcatalog; path = Assets.xcassets; sourceTree = "<group>"; };
		AB3CA62281AE6048AE6363DF /* Enkodi.app */ = {isa = PBXFileReference; explicitFileType = wrapper.application; includeInIndex = 0; path = Enkodi.app; sourceTree = BUILT_PRODUCTS_DIR; };
		AB3CA642A97379A77F1731F6 /* enkodiTests.xctest */ = {isa = PBXFileReference; explicitFileType = wrapper.cfbundle; includeInIndex = 0; path = enkodiTests.xctest; sourceTree = BUILT_PRODUCTS_DIR; };
		AB3CA64D28497D151FAE4DC6 /* AppDelegate.swift */ = {isa = PBXFileReference; lastKnownFileType = sourcecode.swift; path = AppDelegate.swift; sourceTree = "<group>"; };
		AB3CA713B36385910EA59529 /* enkodiUITests.xctest */ = {isa = PBXFileReference; explicitFileType = wrapper.cfbundle; includeInIndex = 0; path = enkodiUITests.xctest; sourceTree = BUILT_PRODUCTS_DIR; };
		AB3CA8C75A2829532FB8900A /* Info.plist */ = {isa = PBXFileReference; lastKnownFileType = text.plist.info; path = Info.plist; sourceTree = "<group>"; };
		AB3CA9AAB3AFF5F4BF90C0F9 /* enkodiUITests.swift */ = {isa = PBXFileReference; lastKnownFileType = sourcecode.swift; path = enkodiUITests.swift; sourceTree = "<group>"; };
		AB3CAC5C9505FC30DFA436BF /* enkodiTests.swift */ = {isa = PBXFileReference; lastKnownFileType = sourcecode.swift; path = enkodiTests.swift; sourceTree = "<group>"; };
		AB3CAD40FD80EFE7ECC13ECD /* ViewController.swift */ = {isa = PBXFileReference; lastKnownFileType = sourcecode.swift; path = ViewController.swift; sourceTree = "<group>"; };
		AB3CAD604ABB251F405C6670 /* Base */ = {isa = PBXFileReference; lastKnownFileType = file.storyboard; name = Base; path = Base.lproj/Main.storyboard; sourceTree = "<group>"; };
		AB3CADCF18A6939F4EB8CD26 /* enkodi.xcdatamodel */ = {isa = PBXFileReference; lastKnownFileType = wrapper.xcdatamodel; path = enkodi.xcdatamodel; sourceTree = "<group>"; };
		AB3CAE4C7DE9CC3A8B5780C2 /* Info.plist */ = {isa = PBXFileReference; lastKnownFileType = text.plist.info; path = Info.plist; sourceTree = "<group>"; };
/* End PBXFileReference section */

/* Begin PBXFrameworksBuildPhase section */
		AB3CA48C7B85E2D46A02AE07 /* Frameworks */ = {
			isa = PBXFrameworksBuildPhase;
			buildActionMask = 2147483647;
			files = (
			);
			runOnlyForDeploymentPostprocessing = 0;
		};
		AB3CA71B641F8C75769D111E /* Frameworks */ = {
			isa = PBXFrameworksBuildPhase;
			buildActionMask = 2147483647;
			files = (
			);
			runOnlyForDeploymentPostprocessing = 0;
		};
		AB3CA7F4FD75DC95827EA935 /* Frameworks */ = {
			isa = PBXFrameworksBuildPhase;
			buildActionMask = 2147483647;
			files = (
				3AB79BB21D33F2AD006527BD /* Alamofire.framework in Frameworks */,
				3AB79BB31D33F2AD006527BD /* AlamofireImage.framework in Frameworks */,
				3A8289A01D2ACC9B00C2C0B6 /* ObjectMapper.framework in Frameworks */,
				3A3A4E3C1D2A6FD500E968AB /* SwiftyJSON.framework in Frameworks */,
				3A9BF1ED1D29B623009A8EDF /* Starscream.framework in Frameworks */,
			);
			runOnlyForDeploymentPostprocessing = 0;
		};
/* End PBXFrameworksBuildPhase section */

/* Begin PBXGroup section */
		3A096C2A1D2C026C005B8F3C /* view */ = {
			isa = PBXGroup;
			children = (
				3AB79BAC1D32BA4A006527BD /* extensions */,
				3AE581D51D2FE1E100ACE467 /* listener */,
				3AE581CB1D2E9B6800ACE467 /* library */,
				3A2620B31D2C5F8500019208 /* playInfoController */,
				3A096C2B1D2C0287005B8F3C /* playercontroller */,
				3A096C2C1D2C03F2005B8F3C /* BaseViewController.swift */,
				3AE581DB1D2FEA9B00ACE467 /* BaseVolumeViewController.swift */,
				3AB79BAA1D325887006527BD /* BaseTableViewController.swift */,
			);
			path = view;
			sourceTree = "<group>";
		};
		3A096C2B1D2C0287005B8F3C /* playercontroller */ = {
			isa = PBXGroup;
			children = (
				3A096C2E1D2C04C2005B8F3C /* PlayerControllerViewController.swift */,
			);
			path = playercontroller;
			sourceTree = "<group>";
		};
		3A096C301D2C0B06005B8F3C /* helper */ = {
			isa = PBXGroup;
			children = (
				3A2620AC1D2C4CF100019208 /* json */,
				3A096C341D2C1217005B8F3C /* request */,
			);
			path = helper;
			sourceTree = "<group>";
		};
		3A096C311D2C0B15005B8F3C /* websocket */ = {
			isa = PBXGroup;
			children = (
				3A096C321D2C119C005B8F3C /* WebSocketHelper.swift */,
			);
			name = websocket;
			path = ../websocket;
			sourceTree = "<group>";
		};
		3A096C341D2C1217005B8F3C /* request */ = {
			isa = PBXGroup;
			children = (
				3A096C311D2C0B15005B8F3C /* websocket */,
				3A096C351D2C122C005B8F3C /* Requestable.swift */,
				3A2620B11D2C518700019208 /* RequestFacade.swift */,
			);
			path = request;
			sourceTree = "<group>";
		};
		3A2620A91D2C4B1800019208 /* util */ = {
			isa = PBXGroup;
			children = (
				3AF0ED211D37F5A0000BAD7C /* theme */,
				3A59A7901D343E5F005C4280 /* url */,
				3AE581C81D2E697C00ACE467 /* time */,
				3A2620AA1D2C4B2800019208 /* ApiAction.swift */,
			);
			path = util;
			sourceTree = "<group>";
		};
		3A2620AC1D2C4CF100019208 /* json */ = {
			isa = PBXGroup;
			children = (
				3A2620AF1D2C4D8D00019208 /* JsonHelper.swift */,
				3AE581D91D2FE49000ACE467 /* JsonParseHelper.swift */,
			);
			path = json;
			sourceTree = "<group>";
		};
		3A2620B31D2C5F8500019208 /* playInfoController */ = {
			isa = PBXGroup;
			children = (
				3A2620B41D2C5F9700019208 /* PlayInfoViewController.swift */,
			);
			path = playInfoController;
			sourceTree = "<group>";
		};
		3A59A7901D343E5F005C4280 /* url */ = {
			isa = PBXGroup;
			children = (
				3A59A7911D343E6A005C4280 /* UrlUtil.swift */,
			);
			path = url;
			sourceTree = "<group>";
		};
		3AA48C101D3E9BAA005DE36A /* audio */ = {
			isa = PBXGroup;
			children = (
				3AA48C111D3E9BB4005DE36A /* AudioStream.swift */,
			);
			path = audio;
			sourceTree = "<group>";
		};
		3AA48C131D3EA00F005DE36A /* movies */ = {
			isa = PBXGroup;
			children = (
				3AA48C1B1D3EA5D3005DE36A /* cell */,
				3AA48C141D3EA01F005DE36A /* MoviesViewController.swift */,
			);
			path = movies;
			sourceTree = "<group>";
		};
		3AA48C161D3EA28B005DE36A /* movie */ = {
			isa = PBXGroup;
			children = (
				3AA48C171D3EA294005DE36A /* Movie.swift */,
			);
			path = movie;
			sourceTree = "<group>";
		};
		3AA48C1B1D3EA5D3005DE36A /* cell */ = {
			isa = PBXGroup;
			children = (
				3AA48C1C1D3EA5DE005DE36A /* MovieTableCell.swift */,
			);
			path = cell;
			sourceTree = "<group>";
		};
		3AACFAC11D3D56F5009949C3 /* subtitles */ = {
			isa = PBXGroup;
			children = (
				3AACFAC21D3D56FD009949C3 /* Subtitles.swift */,
			);
			path = subtitles;
			sourceTree = "<group>";
		};
		3AB79BA21D31627C006527BD /* play */ = {
			isa = PBXGroup;
			children = (
				3AB79BA31D316285006527BD /* PlayListener.swift */,
			);
			path = play;
			sourceTree = "<group>";
		};
		3AB79BA71D32547C006527BD /* color */ = {
			isa = PBXGroup;
			children = (
				3AB79BA81D325489006527BD /* UIAppColor.swift */,
			);
			name = color;
			path = ../color;
			sourceTree = "<group>";
		};
		3AB79BAC1D32BA4A006527BD /* extensions */ = {
			isa = PBXGroup;
			children = (
				3AB79BAD1D32BA52006527BD /* button */,
			);
			path = extensions;
			sourceTree = "<group>";
		};
		3AB79BAD1D32BA52006527BD /* button */ = {
			isa = PBXGroup;
			children = (
				3AB79BAE1D32BA7D006527BD /* UIButton.swift */,
			);
			path = button;
			sourceTree = "<group>";
		};
		3AC4E04C1D304BAB0099A369 /* season */ = {
			isa = PBXGroup;
			children = (
				3AC4E0551D30EF500099A369 /* cell */,
				3AC4E04D1D304BB80099A369 /* TvShowSeasonsViewController.swift */,
			);
			path = season;
			sourceTree = "<group>";
		};
		3AC4E04F1D30E6000099A369 /* season */ = {
			isa = PBXGroup;
			children = (
				3AC4E0501D30EC3F0099A369 /* TvShowSeason.swift */,
			);
			path = season;
			sourceTree = "<group>";
		};
		3AC4E0521D30ECAD0099A369 /* episode */ = {
			isa = PBXGroup;
			children = (
				3AC4E0531D30ECD60099A369 /* BaseTvShowEpisode.swift */,
				3AB79BA01D311F6E006527BD /* TvShowEpisodeInfo.swift */,
			);
			path = episode;
			sourceTree = "<group>";
		};
		3AC4E0551D30EF500099A369 /* cell */ = {
			isa = PBXGroup;
			children = (
				3AC4E0561D30EF5D0099A369 /* TvShowEpisodeTableCell.swift */,
			);
			path = cell;
			sourceTree = "<group>";
		};
		3AC4E0581D30F36B0099A369 /* episode */ = {
			isa = PBXGroup;
			children = (
				3A8378CA1D3110950077B7DA /* TvShowEpisodeViewController.swift */,
			);
			path = episode;
			sourceTree = "<group>";
		};
		3AE581C31D2D922A00ACE467 /* player */ = {
			isa = PBXGroup;
			children = (
				3AA48C101D3E9BAA005DE36A /* audio */,
				3AACFAC11D3D56F5009949C3 /* subtitles */,
				3AE581C41D2D923900ACE467 /* PlayerProperties.swift */,
				3AB79BA51D3165F7006527BD /* PlayingDetails.swift */,
			);
			path = player;
			sourceTree = "<group>";
		};
		3AE581C81D2E697C00ACE467 /* time */ = {
			isa = PBXGroup;
			children = (
				3AE581C91D2E699600ACE467 /* TimeUtil.swift */,
			);
			path = time;
			sourceTree = "<group>";
		};
		3AE581CB1D2E9B6800ACE467 /* library */ = {
			isa = PBXGroup;
			children = (
				3AA48C131D3EA00F005DE36A /* movies */,
				3AE581CC1D2E9B7300ACE467 /* tvshows */,
			);
			path = library;
			sourceTree = "<group>";
		};
		3AE581CC1D2E9B7300ACE467 /* tvshows */ = {
			isa = PBXGroup;
			children = (
				3AC4E0581D30F36B0099A369 /* episode */,
				3AC4E04C1D304BAB0099A369 /* season */,
				3AE581CF1D2E9C4D00ACE467 /* cell */,
				3AE581CD1D2E9B8300ACE467 /* TvShowViewController.swift */,
			);
			path = tvshows;
			sourceTree = "<group>";
		};
		3AE581CF1D2E9C4D00ACE467 /* cell */ = {
			isa = PBXGroup;
			children = (
				3AE581D01D2E9C5600ACE467 /* TvShowTableCell.swift */,
			);
			path = cell;
			sourceTree = "<group>";
		};
		3AE581D21D2EB36600ACE467 /* application */ = {
			isa = PBXGroup;
			children = (
				3AE581D31D2EB37200ACE467 /* ApplicationProperties.swift */,
			);
			path = application;
			sourceTree = "<group>";
		};
		3AE581D51D2FE1E100ACE467 /* listener */ = {
			isa = PBXGroup;
			children = (
				3AB79BA21D31627C006527BD /* play */,
				3AE581E31D2FF4B700ACE467 /* websocket */,
				3AE581D61D2FE1EE00ACE467 /* volume */,
			);
			path = listener;
			sourceTree = "<group>";
		};
		3AE581D61D2FE1EE00ACE467 /* volume */ = {
			isa = PBXGroup;
			children = (
				3AE581D71D2FE20300ACE467 /* VolumeChangedListener.swift */,
			);
			path = volume;
			sourceTree = "<group>";
		};
		3AE581DD1D2FED9F00ACE467 /* notification */ = {
			isa = PBXGroup;
			children = (
				3AE581DE1D2FEDA800ACE467 /* volume */,
			);
			path = notification;
			sourceTree = "<group>";
		};
		3AE581DE1D2FEDA800ACE467 /* volume */ = {
			isa = PBXGroup;
			children = (
				3AE581DF1D2FEDC700ACE467 /* VolumeChangeNotification.swift */,
			);
			path = volume;
			sourceTree = "<group>";
		};
		3AE581E31D2FF4B700ACE467 /* websocket */ = {
			isa = PBXGroup;
			children = (
				3AE581E11D2FF1D800ACE467 /* WebSocketListener.swift */,
			);
			path = websocket;
			sourceTree = "<group>";
		};
		3AF0ED211D37F5A0000BAD7C /* theme */ = {
			isa = PBXGroup;
			children = (
				3AB79BA71D32547C006527BD /* color */,
				3AF0ED221D37F5C1000BAD7C /* Theme.swift */,
				3AF0ED241D37F606000BAD7C /* ThemeManager.swift */,
			);
			path = theme;
			sourceTree = "<group>";
		};
		3AF4D44C1D2D519700F24D08 /* model */ = {
			isa = PBXGroup;
			children = (
				3AA48C161D3EA28B005DE36A /* movie */,
				3AE581DD1D2FED9F00ACE467 /* notification */,
				3AE581D21D2EB36600ACE467 /* application */,
				3AE581C31D2D922A00ACE467 /* player */,
				3AF4D44D1D2D519700F24D08 /* tvshow */,
				3AE581C61D2DA2D600ACE467 /* BaseModel.swift */,
				3AA48C191D3EA35D005DE36A /* BaseWatchable.swift */,
			);
			path = model;
			sourceTree = "<group>";
		};
		3AF4D44D1D2D519700F24D08 /* tvshow */ = {
			isa = PBXGroup;
			children = (
				3AC4E0521D30ECAD0099A369 /* episode */,
				3AC4E04F1D30E6000099A369 /* season */,
				3AF4D44E1D2D519700F24D08 /* BaseTvShow.swift */,
			);
			path = tvshow;
			sourceTree = "<group>";
		};
		AB3CA514B73F452DB6DF53CD /* enkodiUITests */ = {
			isa = PBXGroup;
			children = (
				AB3CA2C89CEA2F71BB79393E /* Info.plist */,
				AB3CA9AAB3AFF5F4BF90C0F9 /* enkodiUITests.swift */,
			);
			path = enkodiUITests;
			sourceTree = "<group>";
		};
		AB3CA5A63FAB9EF8D26355F6 /* Products */ = {
			isa = PBXGroup;
			children = (
				AB3CA62281AE6048AE6363DF /* Enkodi.app */,
				AB3CA642A97379A77F1731F6 /* enkodiTests.xctest */,
				AB3CA713B36385910EA59529 /* enkodiUITests.xctest */,
			);
			name = Products;
			sourceTree = "<group>";
		};
		AB3CA802DFED6E6B05D30766 /* enkodiTests */ = {
			isa = PBXGroup;
			children = (
				AB3CA8C75A2829532FB8900A /* Info.plist */,
				AB3CAC5C9505FC30DFA436BF /* enkodiTests.swift */,
			);
			path = enkodiTests;
			sourceTree = "<group>";
		};
		AB3CA88D11824EC569F68C0E = {
			isa = PBXGroup;
			children = (
				3AB79BB01D33F2AD006527BD /* Alamofire.framework */,
				3AB79BB11D33F2AD006527BD /* AlamofireImage.framework */,
				3A82899F1D2ACC9B00C2C0B6 /* ObjectMapper.framework */,
				3A3A4E3B1D2A6FD500E968AB /* SwiftyJSON.framework */,
				3A9BF1EC1D29B623009A8EDF /* Starscream.framework */,
				AB3CA5A63FAB9EF8D26355F6 /* Products */,
				AB3CAE5863649FA671B7D85B /* enkodi */,
				AB3CA802DFED6E6B05D30766 /* enkodiTests */,
				AB3CA514B73F452DB6DF53CD /* enkodiUITests */,
			);
			sourceTree = "<group>";
		};
		AB3CAE5863649FA671B7D85B /* enkodi */ = {
			isa = PBXGroup;
			children = (
				3AF4D44C1D2D519700F24D08 /* model */,
				3A2620A91D2C4B1800019208 /* util */,
				3A096C301D2C0B06005B8F3C /* helper */,
				3A096C2A1D2C026C005B8F3C /* view */,
				AB3CAE4C7DE9CC3A8B5780C2 /* Info.plist */,
				AB3CA33B13D85F0092EF45C0 /* Assets.xcassets */,
				AB3CAF070AFE710154EE25C2 /* LaunchScreen.storyboard.bad */,
				AB3CA64D28497D151FAE4DC6 /* AppDelegate.swift */,
				AB3CA3565EE81D4C3E0B4F42 /* enkodi.xcdatamodeld */,
				3A82EB741D378D4F00B8CF40 /* Launch Screen.storyboard */,
				AB3CA0937689B8B0ADF667D5 /* Main.storyboard */,
				AB3CAD40FD80EFE7ECC13ECD /* ViewController.swift */,
			);
			path = enkodi;
			sourceTree = "<group>";
		};
/* End PBXGroup section */

/* Begin PBXNativeTarget section */
		AB3CA25D274DC5329D519660 /* enkodiUITests */ = {
			isa = PBXNativeTarget;
			buildConfigurationList = AB3CA4F5D2EFC5A3D6D2DCA1 /* Build configuration list for PBXNativeTarget "enkodiUITests" */;
			buildPhases = (
				AB3CACABFF2944271E697814 /* Sources */,
				AB3CA48C7B85E2D46A02AE07 /* Frameworks */,
				AB3CA6AD118BF8685279716A /* Resources */,
			);
			buildRules = (
			);
			dependencies = (
				AB3CA3AC6BAF99E40A18F2BE /* PBXTargetDependency */,
			);
			name = enkodiUITests;
			productName = enkodiUITests;
			productReference = AB3CA713B36385910EA59529 /* enkodiUITests.xctest */;
			productType = "com.apple.product-type.bundle.ui-testing";
		};
		AB3CA3EFE813E1970AEDEEBF /* enkodiTests */ = {
			isa = PBXNativeTarget;
			buildConfigurationList = AB3CAF6A9F8ED5CEFC39309F /* Build configuration list for PBXNativeTarget "enkodiTests" */;
			buildPhases = (
				AB3CAB2902A927DF8F0F8899 /* Sources */,
				AB3CA71B641F8C75769D111E /* Frameworks */,
				AB3CA4639E32B7BC1CDE5F47 /* Resources */,
			);
			buildRules = (
			);
			dependencies = (
				AB3CA68DA0B5C48126B7400B /* PBXTargetDependency */,
			);
			name = enkodiTests;
			productName = enkodiTests;
			productReference = AB3CA642A97379A77F1731F6 /* enkodiTests.xctest */;
			productType = "com.apple.product-type.bundle.unit-test";
		};
		AB3CA88AE2278FDEB560FA42 /* enkodi */ = {
			isa = PBXNativeTarget;
			buildConfigurationList = AB3CA02E0A07BCE0DEACB1C2 /* Build configuration list for PBXNativeTarget "enkodi" */;
			buildPhases = (
				AB3CAC1AA3969E71CD9F4D49 /* Sources */,
				AB3CA7F4FD75DC95827EA935 /* Frameworks */,
				AB3CA06F2350B188C7C3EEB5 /* Resources */,
				3A9BF1EE1D29B65B009A8EDF /* ShellScript */,
			);
			buildRules = (
			);
			dependencies = (
			);
			name = enkodi;
			productName = enkodi;
			productReference = AB3CA62281AE6048AE6363DF /* Enkodi.app */;
			productType = "com.apple.product-type.application";
		};
/* End PBXNativeTarget section */

/* Begin PBXProject section */
		AB3CAD0839846DF380B48C1B /* Project object */ = {
			isa = PBXProject;
			attributes = {
				LastSwiftUpdateCheck = 0730;
				LastUpgradeCheck = 0800;
				ORGANIZATIONNAME = "adrian quintas";
				TargetAttributes = {
					AB3CA3EFE813E1970AEDEEBF = {
						DevelopmentTeam = LU5LT4UV5K;
						TestTargetID = AB3CA88AE2278FDEB560FA42;
					};
					AB3CA88AE2278FDEB560FA42 = {
						DevelopmentTeam = LU5LT4UV5K;
					};
				};
			};
			buildConfigurationList = AB3CAA4586393D92AFF0CD5D /* Build configuration list for PBXProject "enkodi" */;
			compatibilityVersion = "Xcode 3.2";
			developmentRegion = English;
			hasScannedForEncodings = 0;
			knownRegions = (
				en,
			);
			mainGroup = AB3CA88D11824EC569F68C0E;
			productRefGroup = AB3CA5A63FAB9EF8D26355F6 /* Products */;
			projectDirPath = "";
			projectRoot = "";
			targets = (
				AB3CA88AE2278FDEB560FA42 /* enkodi */,
				AB3CA3EFE813E1970AEDEEBF /* enkodiTests */,
				AB3CA25D274DC5329D519660 /* enkodiUITests */,
			);
		};
/* End PBXProject section */

/* Begin PBXResourcesBuildPhase section */
		AB3CA06F2350B188C7C3EEB5 /* Resources */ = {
			isa = PBXResourcesBuildPhase;
			buildActionMask = 2147483647;
			files = (
				AB3CA37366A0CC7BDD1C8761 /* Assets.xcassets in Resources */,
				AB3CA9CBB6B1E4BB712D66A5 /* LaunchScreen.storyboard.bad in Resources */,
				3A82EB751D378D4F00B8CF40 /* Launch Screen.storyboard in Resources */,
				AB3CA06385C48190D513F007 /* Main.storyboard in Resources */,
			);
			runOnlyForDeploymentPostprocessing = 0;
		};
		AB3CA4639E32B7BC1CDE5F47 /* Resources */ = {
			isa = PBXResourcesBuildPhase;
			buildActionMask = 2147483647;
			files = (
			);
			runOnlyForDeploymentPostprocessing = 0;
		};
		AB3CA6AD118BF8685279716A /* Resources */ = {
			isa = PBXResourcesBuildPhase;
			buildActionMask = 2147483647;
			files = (
			);
			runOnlyForDeploymentPostprocessing = 0;
		};
/* End PBXResourcesBuildPhase section */

/* Begin PBXShellScriptBuildPhase section */
		3A9BF1EE1D29B65B009A8EDF /* ShellScript */ = {
			isa = PBXShellScriptBuildPhase;
			buildActionMask = 2147483647;
			files = (
			);
			inputPaths = (
				"$(SRCROOT)/Carthage/Build/iOS/Starscream.framework",
				"$(SRCROOT)/Carthage/Build/iOS/SwiftyJSON.framework",
				"$(SRCROOT)/Carthage/Build/iOS/ObjectMapper.framework",
				"$(SRCROOT)/Carthage/Build/iOS/Alamofire.framework",
				"$(SRCROOT)/Carthage/Build/iOS/AlamofireImage.framework",
			);
			outputPaths = (
			);
			runOnlyForDeploymentPostprocessing = 0;
			shellPath = /bin/sh;
			shellScript = "/usr/local/bin/carthage copy-frameworks";
		};
/* End PBXShellScriptBuildPhase section */

/* Begin PBXSourcesBuildPhase section */
		AB3CAB2902A927DF8F0F8899 /* Sources */ = {
			isa = PBXSourcesBuildPhase;
			buildActionMask = 2147483647;
			files = (
				AB3CA19978DBE361746C75CB /* enkodiTests.swift in Sources */,
			);
			runOnlyForDeploymentPostprocessing = 0;
		};
		AB3CAC1AA3969E71CD9F4D49 /* Sources */ = {
			isa = PBXSourcesBuildPhase;
			buildActionMask = 2147483647;
			files = (
				3AE581C51D2D923900ACE467 /* PlayerProperties.swift in Sources */,
				3AF0ED251D37F606000BAD7C /* ThemeManager.swift in Sources */,
				3AB79BA41D316285006527BD /* PlayListener.swift in Sources */,
				3A2620B21D2C518700019208 /* RequestFacade.swift in Sources */,
				3AE581D81D2FE20300ACE467 /* VolumeChangedListener.swift in Sources */,
				3AA48C121D3E9BB4005DE36A /* AudioStream.swift in Sources */,
				3AE581C71D2DA2D600ACE467 /* BaseModel.swift in Sources */,
				3AC4E0571D30EF5D0099A369 /* TvShowEpisodeTableCell.swift in Sources */,
				3AA48C1A1D3EA35D005DE36A /* BaseWatchable.swift in Sources */,
				3AE581E01D2FEDC700ACE467 /* VolumeChangeNotification.swift in Sources */,
				3AE581E21D2FF1D800ACE467 /* WebSocketListener.swift in Sources */,
				3A2620B01D2C4D8D00019208 /* JsonHelper.swift in Sources */,
				3AF0ED231D37F5C1000BAD7C /* Theme.swift in Sources */,
				3AB79BAB1D325887006527BD /* BaseTableViewController.swift in Sources */,
				3AB79BA91D325489006527BD /* UIAppColor.swift in Sources */,
				3AB79BA11D311F6E006527BD /* TvShowEpisodeInfo.swift in Sources */,
				3AC4E0541D30ECD60099A369 /* BaseTvShowEpisode.swift in Sources */,
				3A096C2D1D2C03F2005B8F3C /* BaseViewController.swift in Sources */,
				3A096C331D2C119C005B8F3C /* WebSocketHelper.swift in Sources */,
				3AA48C1D1D3EA5DE005DE36A /* MovieTableCell.swift in Sources */,
				3A2620B51D2C5F9700019208 /* PlayInfoViewController.swift in Sources */,
				3AE581D11D2E9C5600ACE467 /* TvShowTableCell.swift in Sources */,
				3AB79BAF1D32BA7D006527BD /* UIButton.swift in Sources */,
				3A096C2F1D2C04C2005B8F3C /* PlayerControllerViewController.swift in Sources */,
				3AE581DC1D2FEA9B00ACE467 /* BaseVolumeViewController.swift in Sources */,
				3AE581CA1D2E699600ACE467 /* TimeUtil.swift in Sources */,
				3AC4E04E1D304BB80099A369 /* TvShowSeasonsViewController.swift in Sources */,
				3A8378CB1D3110950077B7DA /* TvShowEpisodeViewController.swift in Sources */,
				3AA48C181D3EA294005DE36A /* Movie.swift in Sources */,
				3AACFAC31D3D56FD009949C3 /* Subtitles.swift in Sources */,
				3AC4E0511D30EC3F0099A369 /* TvShowSeason.swift in Sources */,
				3A096C361D2C122C005B8F3C /* Requestable.swift in Sources */,
				3A2620AB1D2C4B2800019208 /* ApiAction.swift in Sources */,
				3A59A7921D343E6A005C4280 /* UrlUtil.swift in Sources */,
				3AA48C151D3EA01F005DE36A /* MoviesViewController.swift in Sources */,
				3AF4D44F1D2D519700F24D08 /* BaseTvShow.swift in Sources */,
				3AB79BA61D3165F7006527BD /* PlayingDetails.swift in Sources */,
				AB3CAE3CB4100ACDA6CAD1DA /* AppDelegate.swift in Sources */,
				AB3CA2479292F2E3CFEB7E3C /* enkodi.xcdatamodeld in Sources */,
				3AE581D41D2EB37200ACE467 /* ApplicationProperties.swift in Sources */,
				3AE581DA1D2FE49000ACE467 /* JsonParseHelper.swift in Sources */,
				AB3CA2A9343F6CCBE51E3BDC /* ViewController.swift in Sources */,
				3AE581CE1D2E9B8300ACE467 /* TvShowViewController.swift in Sources */,
			);
			runOnlyForDeploymentPostprocessing = 0;
		};
		AB3CACABFF2944271E697814 /* Sources */ = {
			isa = PBXSourcesBuildPhase;
			buildActionMask = 2147483647;
			files = (
				AB3CAB00EA6DAEA2E7B80FF6 /* enkodiUITests.swift in Sources */,
			);
			runOnlyForDeploymentPostprocessing = 0;
		};
/* End PBXSourcesBuildPhase section */

/* Begin PBXTargetDependency section */
		AB3CA3AC6BAF99E40A18F2BE /* PBXTargetDependency */ = {
			isa = PBXTargetDependency;
			target = AB3CA88AE2278FDEB560FA42 /* enkodi */;
			targetProxy = AB3CA031334B34EC0186E37E /* PBXContainerItemProxy */;
		};
		AB3CA68DA0B5C48126B7400B /* PBXTargetDependency */ = {
			isa = PBXTargetDependency;
			target = AB3CA88AE2278FDEB560FA42 /* enkodi */;
			targetProxy = AB3CA5762F49EC183967501B /* PBXContainerItemProxy */;
		};
/* End PBXTargetDependency section */

/* Begin PBXVariantGroup section */
		AB3CA0937689B8B0ADF667D5 /* Main.storyboard */ = {
			isa = PBXVariantGroup;
			children = (
				AB3CAD604ABB251F405C6670 /* Base */,
			);
			name = Main.storyboard;
			sourceTree = "<group>";
		};
		AB3CAF070AFE710154EE25C2 /* LaunchScreen.storyboard.bad */ = {
			isa = PBXVariantGroup;
			children = (
				AB3CA10B7934364F59A21751 /* Base */,
			);
			name = LaunchScreen.storyboard.bad;
			sourceTree = "<group>";
		};
/* End PBXVariantGroup section */

/* Begin XCBuildConfiguration section */
		AB3CA89E8E8AAF0BA0C0D80F /* Release */ = {
			isa = XCBuildConfiguration;
			buildSettings = {
				ALWAYS_SEARCH_USER_PATHS = NO;
				CLANG_ANALYZER_NONNULL = YES;
				CLANG_CXX_LANGUAGE_STANDARD = "gnu++0x";
				CLANG_CXX_LIBRARY = "libc++";
				CLANG_ENABLE_MODULES = YES;
				CLANG_ENABLE_OBJC_ARC = YES;
				CLANG_WARN_BOOL_CONVERSION = YES;
				CLANG_WARN_CONSTANT_CONVERSION = YES;
				CLANG_WARN_DIRECT_OBJC_ISA_USAGE = YES_ERROR;
				CLANG_WARN_EMPTY_BODY = YES;
				CLANG_WARN_ENUM_CONVERSION = YES;
				CLANG_WARN_INFINITE_RECURSION = YES;
				CLANG_WARN_INT_CONVERSION = YES;
				CLANG_WARN_OBJC_ROOT_CLASS = YES_ERROR;
				CLANG_WARN_SUSPICIOUS_MOVE = YES;
				CLANG_WARN_UNREACHABLE_CODE = YES;
				CLANG_WARN__DUPLICATE_METHOD_MATCH = YES;
				"CODE_SIGN_IDENTITY[sdk=iphoneos*]" = "iPhone Developer";
				COPY_PHASE_STRIP = NO;
				DEBUG_INFORMATION_FORMAT = "dwarf-with-dsym";
				ENABLE_NS_ASSERTIONS = NO;
				ENABLE_STRICT_OBJC_MSGSEND = YES;
				"FRAMEWORK_SEARCH_PATHS[sdk=appletvos*]" = "";
				GCC_C_LANGUAGE_STANDARD = gnu99;
				GCC_NO_COMMON_BLOCKS = YES;
				GCC_WARN_64_TO_32_BIT_CONVERSION = YES;
				GCC_WARN_ABOUT_RETURN_TYPE = YES_ERROR;
				GCC_WARN_UNDECLARED_SELECTOR = YES;
				GCC_WARN_UNINITIALIZED_AUTOS = YES_AGGRESSIVE;
				GCC_WARN_UNUSED_FUNCTION = YES;
				GCC_WARN_UNUSED_VARIABLE = YES;
				HEADER_SEARCH_PATHS = "";
				IPHONEOS_DEPLOYMENT_TARGET = 9.3;
				MTL_ENABLE_DEBUG_INFO = NO;
				SDKROOT = iphoneos;
				SWIFT_OPTIMIZATION_LEVEL = "-Owholemodule";
				SWIFT_VERSION = 2.3;
				VALIDATE_PRODUCT = YES;
			};
			name = Release;
		};
		AB3CA8CBE2AC23E97D4A31AC /* Debug */ = {
			isa = XCBuildConfiguration;
			buildSettings = {
				BUNDLE_LOADER = "$(TEST_HOST)";
				DEVELOPMENT_TEAM = LU5LT4UV5K;
				INFOPLIST_FILE = enkodiTests/Info.plist;
				LD_RUNPATH_SEARCH_PATHS = "$(inherited) @executable_path/Frameworks @loader_path/Frameworks";
				PRODUCT_BUNDLE_IDENTIFIER = qgadrian.enkodiTests;
				PRODUCT_NAME = "$(TARGET_NAME)";
				TEST_HOST = "$(BUILT_PRODUCTS_DIR)/Enkodi.app/Enkodi";
			};
			name = Debug;
		};
		AB3CAB149259DEAFF65A2B1B /* Release */ = {
			isa = XCBuildConfiguration;
			buildSettings = {
				BUNDLE_LOADER = "$(TEST_HOST)";
				DEVELOPMENT_TEAM = LU5LT4UV5K;
				INFOPLIST_FILE = enkodiTests/Info.plist;
				LD_RUNPATH_SEARCH_PATHS = "$(inherited) @executable_path/Frameworks @loader_path/Frameworks";
				PRODUCT_BUNDLE_IDENTIFIER = qgadrian.enkodiTests;
				PRODUCT_NAME = "$(TARGET_NAME)";
				TEST_HOST = "$(BUILT_PRODUCTS_DIR)/Enkodi.app/Enkodi";
			};
			name = Release;
		};
		AB3CAB26BE1B1F61C98D1357 /* Release */ = {
			isa = XCBuildConfiguration;
			buildSettings = {
				ASSETCATALOG_COMPILER_APPICON_NAME = AppIcon;
				ASSETCATALOG_COMPILER_LAUNCHIMAGE_NAME = LaunchImage;
				CODE_SIGN_IDENTITY = "iPhone Developer";
				"CODE_SIGN_IDENTITY[sdk=iphoneos*]" = "iPhone Developer";
				FRAMEWORK_SEARCH_PATHS = (
					"$(inherited)",
					"$(PROJECT_DIR)/Carthage/Build/iOS",
				);
				INFOPLIST_FILE = enkodi/Info.plist;
				LD_RUNPATH_SEARCH_PATHS = "$(inherited) @executable_path/Frameworks";
				PRODUCT_BUNDLE_IDENTIFIER = qgadrian.enkodi;
				PRODUCT_NAME = Enkodi;
				PROVISIONING_PROFILE = "";
				TARGETED_DEVICE_FAMILY = "1,2";
			};
			name = Release;
		};
		AB3CAB5FF530B99640A32BB4 /* Debug */ = {
			isa = XCBuildConfiguration;
			buildSettings = {
				BUNDLE_LOADER = "$(BUILT_PRODUCTS_DIR)/enkodi.app/enkodi";
				INFOPLIST_FILE = enkodiUITests/Info.plist;
				LD_RUNPATH_SEARCH_PATHS = "$(inherited) @executable_path/Frameworks @loader_path/Frameworks";
				PRODUCT_BUNDLE_IDENTIFIER = qgadrian.enkodiUITests;
				PRODUCT_NAME = "$(TARGET_NAME)";
				TEST_HOST = "$(BUNDLE_LOADER)";
			};
			name = Debug;
		};
		AB3CAD7C1DAF0EFC89E4FCED /* Debug */ = {
			isa = XCBuildConfiguration;
			buildSettings = {
				ASSETCATALOG_COMPILER_APPICON_NAME = AppIcon;
				ASSETCATALOG_COMPILER_LAUNCHIMAGE_NAME = LaunchImage;
				CODE_SIGN_IDENTITY = "iPhone Developer";
				"CODE_SIGN_IDENTITY[sdk=iphoneos*]" = "iPhone Developer";
				FRAMEWORK_SEARCH_PATHS = (
					"$(inherited)",
					"$(PROJECT_DIR)/Carthage/Build/iOS",
				);
				INFOPLIST_FILE = enkodi/Info.plist;
				LD_RUNPATH_SEARCH_PATHS = "$(inherited) @executable_path/Frameworks";
				PRODUCT_BUNDLE_IDENTIFIER = qgadrian.enkodi;
				PRODUCT_NAME = Enkodi;
				PROVISIONING_PROFILE = "";
				TARGETED_DEVICE_FAMILY = "1,2";
			};
			name = Debug;
		};
		AB3CAF6D49AAD50EA867626D /* Release */ = {
			isa = XCBuildConfiguration;
			buildSettings = {
				BUNDLE_LOADER = "$(BUILT_PRODUCTS_DIR)/enkodi.app/enkodi";
				INFOPLIST_FILE = enkodiUITests/Info.plist;
				LD_RUNPATH_SEARCH_PATHS = "$(inherited) @executable_path/Frameworks @loader_path/Frameworks";
				PRODUCT_BUNDLE_IDENTIFIER = qgadrian.enkodiUITests;
				PRODUCT_NAME = "$(TARGET_NAME)";
				TEST_HOST = "$(BUNDLE_LOADER)";
			};
			name = Release;
		};
		AB3CAF730054196A65F039E6 /* Debug */ = {
			isa = XCBuildConfiguration;
			buildSettings = {
				ALWAYS_SEARCH_USER_PATHS = NO;
				CLANG_ANALYZER_NONNULL = YES;
				CLANG_CXX_LANGUAGE_STANDARD = "gnu++0x";
				CLANG_CXX_LIBRARY = "libc++";
				CLANG_ENABLE_MODULES = YES;
				CLANG_ENABLE_OBJC_ARC = YES;
				CLANG_WARN_BOOL_CONVERSION = YES;
				CLANG_WARN_CONSTANT_CONVERSION = YES;
				CLANG_WARN_DIRECT_OBJC_ISA_USAGE = YES_ERROR;
				CLANG_WARN_EMPTY_BODY = YES;
				CLANG_WARN_ENUM_CONVERSION = YES;
				CLANG_WARN_INFINITE_RECURSION = YES;
				CLANG_WARN_INT_CONVERSION = YES;
				CLANG_WARN_OBJC_ROOT_CLASS = YES_ERROR;
				CLANG_WARN_SUSPICIOUS_MOVE = YES;
				CLANG_WARN_UNREACHABLE_CODE = YES;
				CLANG_WARN__DUPLICATE_METHOD_MATCH = YES;
				"CODE_SIGN_IDENTITY[sdk=iphoneos*]" = "iPhone Developer";
				COPY_PHASE_STRIP = NO;
				DEBUG_INFORMATION_FORMAT = dwarf;
				ENABLE_STRICT_OBJC_MSGSEND = YES;
				ENABLE_TESTABILITY = YES;
				"FRAMEWORK_SEARCH_PATHS[sdk=appletvos*]" = "";
				GCC_C_LANGUAGE_STANDARD = gnu99;
				GCC_DYNAMIC_NO_PIC = NO;
				GCC_NO_COMMON_BLOCKS = YES;
				GCC_OPTIMIZATION_LEVEL = 0;
				GCC_PREPROCESSOR_DEFINITIONS = (
					"DEBUG=1",
					"$(inherited)",
				);
				GCC_WARN_64_TO_32_BIT_CONVERSION = YES;
				GCC_WARN_ABOUT_RETURN_TYPE = YES_ERROR;
				GCC_WARN_UNDECLARED_SELECTOR = YES;
				GCC_WARN_UNINITIALIZED_AUTOS = YES_AGGRESSIVE;
				GCC_WARN_UNUSED_FUNCTION = YES;
				GCC_WARN_UNUSED_VARIABLE = YES;
				HEADER_SEARCH_PATHS = "";
				IPHONEOS_DEPLOYMENT_TARGET = 9.3;
				MTL_ENABLE_DEBUG_INFO = YES;
				ONLY_ACTIVE_ARCH = YES;
				SDKROOT = iphoneos;
				SWIFT_OPTIMIZATION_LEVEL = "-Onone";
				SWIFT_VERSION = 2.3;
			};
			name = Debug;
		};
/* End XCBuildConfiguration section */

/* Begin XCConfigurationList section */
		AB3CA02E0A07BCE0DEACB1C2 /* Build configuration list for PBXNativeTarget "enkodi" */ = {
			isa = XCConfigurationList;
			buildConfigurations = (
				AB3CAD7C1DAF0EFC89E4FCED /* Debug */,
				AB3CAB26BE1B1F61C98D1357 /* Release */,
			);
			defaultConfigurationIsVisible = 0;
			defaultConfigurationName = Release;
		};
		AB3CA4F5D2EFC5A3D6D2DCA1 /* Build configuration list for PBXNativeTarget "enkodiUITests" */ = {
			isa = XCConfigurationList;
			buildConfigurations = (
				AB3CAB5FF530B99640A32BB4 /* Debug */,
				AB3CAF6D49AAD50EA867626D /* Release */,
			);
			defaultConfigurationIsVisible = 0;
			defaultConfigurationName = Release;
		};
		AB3CAA4586393D92AFF0CD5D /* Build configuration list for PBXProject "enkodi" */ = {
			isa = XCConfigurationList;
			buildConfigurations = (
				AB3CAF730054196A65F039E6 /* Debug */,
				AB3CA89E8E8AAF0BA0C0D80F /* Release */,
			);
			defaultConfigurationIsVisible = 0;
			defaultConfigurationName = Release;
		};
		AB3CAF6A9F8ED5CEFC39309F /* Build configuration list for PBXNativeTarget "enkodiTests" */ = {
			isa = XCConfigurationList;
			buildConfigurations = (
				AB3CA8CBE2AC23E97D4A31AC /* Debug */,
				AB3CAB149259DEAFF65A2B1B /* Release */,
			);
			defaultConfigurationIsVisible = 0;
			defaultConfigurationName = Release;
		};
/* End XCConfigurationList section */

/* Begin XCVersionGroup section */
		AB3CA3565EE81D4C3E0B4F42 /* enkodi.xcdatamodeld */ = {
			isa = XCVersionGroup;
			children = (
				AB3CADCF18A6939F4EB8CD26 /* enkodi.xcdatamodel */,
			);
			currentVersion = AB3CADCF18A6939F4EB8CD26 /* enkodi.xcdatamodel */;
			path = enkodi.xcdatamodeld;
			sourceTree = "<group>";
			versionGroupType = wrapper.xcdatamodel;
		};
/* End XCVersionGroup section */
	};
	rootObject = AB3CAD0839846DF380B48C1B /* Project object */;
}
